// !$*UTF8*$!
{
	archiveVersion = 1;
	classes = {
	};
	objectVersion = 77;
	objects = {

/* Begin PBXBuildFile section */
		405F9C4C2E9C37790070BD58 /* FirebaseAnalytics in Frameworks */ = {isa = PBXBuildFile; productRef = 405F9C4B2E9C37790070BD58 /* FirebaseAnalytics */; };
		405F9C4E2E9C37790070BD58 /* FirebaseAuth in Frameworks */ = {isa = PBXBuildFile; productRef = 405F9C4D2E9C37790070BD58 /* FirebaseAuth */; };
		405F9C502E9C37790070BD58 /* FirebaseFirestore in Frameworks */ = {isa = PBXBuildFile; productRef = 405F9C4F2E9C37790070BD58 /* FirebaseFirestore */; };
		405F9C522E9C37790070BD58 /* FirebaseStorage in Frameworks */ = {isa = PBXBuildFile; productRef = 405F9C512E9C37790070BD58 /* FirebaseStorage */; };
/* End PBXBuildFile section */

/* Begin PBXContainerItemProxy section */
		408A93EA2E994862009B8E1E /* PBXContainerItemProxy */ = {
			isa = PBXContainerItemProxy;
			containerPortal = 408A93D42E994860009B8E1E /* Project object */;
			proxyType = 1;
			remoteGlobalIDString = 408A93DB2E994860009B8E1E;
			remoteInfo = AracHasarKayit;
		};
		408A93F42E994862009B8E1E /* PBXContainerItemProxy */ = {
			isa = PBXContainerItemProxy;
			containerPortal = 408A93D42E994860009B8E1E /* Project object */;
			proxyType = 1;
			remoteGlobalIDString = 408A93DB2E994860009B8E1E;
			remoteInfo = AracHasarKayit;
		};
/* End PBXContainerItemProxy section */

/* Begin PBXFileReference section */
		408A93DC2E994860009B8E1E /* AracHasarKayit.app */ = {isa = PBXFileReference; explicitFileType = wrapper.application; includeInIndex = 0; path = AracHasarKayit.app; sourceTree = BUILT_PRODUCTS_DIR; };
		408A93E92E994862009B8E1E /* AracHasarKayitTests.xctest */ = {isa = PBXFileReference; explicitFileType = wrapper.cfbundle; includeInIndex = 0; path = AracHasarKayitTests.xctest; sourceTree = BUILT_PRODUCTS_DIR; };
		408A93F32E994862009B8E1E /* AracHasarKayitUITests.xctest */ = {isa = PBXFileReference; explicitFileType = wrapper.cfbundle; includeInIndex = 0; path = AracHasarKayitUITests.xctest; sourceTree = BUILT_PRODUCTS_DIR; };
/* End PBXFileReference section */

/* Begin PBXFileSystemSynchronizedBuildFileExceptionSet section */
		401CF5F92E9BCE630002C057 /* Exceptions for "AracHasarKayit" folder in "AracHasarKayit" target */ = {
			isa = PBXFileSystemSynchronizedBuildFileExceptionSet;
			membershipExceptions = (
				Info.plist,
			);
			target = 408A93DB2E994860009B8E1E /* AracHasarKayit */;
		};
/* End PBXFileSystemSynchronizedBuildFileExceptionSet section */

/* Begin PBXFileSystemSynchronizedRootGroup section */
		408A93DE2E994860009B8E1E /* AracHasarKayit */ = {
			isa = PBXFileSystemSynchronizedRootGroup;
			exceptions = (
				401CF5F92E9BCE630002C057 /* Exceptions for "AracHasarKayit" folder in "AracHasarKayit" target */,
			);
			path = AracHasarKayit;
			sourceTree = "<group>";
		};
		408A93EC2E994862009B8E1E /* AracHasarKayitTests */ = {
			isa = PBXFileSystemSynchronizedRootGroup;
			path = AracHasarKayitTests;
			sourceTree = "<group>";
		};
		408A93F62E994862009B8E1E /* AracHasarKayitUITests */ = {
			isa = PBXFileSystemSynchronizedRootGroup;
			path = AracHasarKayitUITests;
			sourceTree = "<group>";
		};
/* End PBXFileSystemSynchronizedRootGroup section */

/* Begin PBXFrameworksBuildPhase section */
		408A93D92E994860009B8E1E /* Frameworks */ = {
			isa = PBXFrameworksBuildPhase;
			buildActionMask = 2147483647;
			files = (
				405F9C4C2E9C37790070BD58 /* FirebaseAnalytics in Frameworks */,
				405F9C522E9C37790070BD58 /* FirebaseStorage in Frameworks */,
				405F9C4E2E9C37790070BD58 /* FirebaseAuth in Frameworks */,
				405F9C502E9C37790070BD58 /* FirebaseFirestore in Frameworks */,
			);
			runOnlyForDeploymentPostprocessing = 0;
		};
		408A93E62E994862009B8E1E /* Frameworks */ = {
			isa = PBXFrameworksBuildPhase;
			buildActionMask = 2147483647;
			files = (
			);
			runOnlyForDeploymentPostprocessing = 0;
		};
		408A93F02E994862009B8E1E /* Frameworks */ = {
			isa = PBXFrameworksBuildPhase;
			buildActionMask = 2147483647;
			files = (
			);
			runOnlyForDeploymentPostprocessing = 0;
		};
/* End PBXFrameworksBuildPhase section */

/* Begin PBXGroup section */
		408A93D32E994860009B8E1E = {
			isa = PBXGroup;
			children = (
				408A93DE2E994860009B8E1E /* AracHasarKayit */,
				408A93EC2E994862009B8E1E /* AracHasarKayitTests */,
				408A93F62E994862009B8E1E /* AracHasarKayitUITests */,
				408A93DD2E994860009B8E1E /* Products */,
			);
			sourceTree = "<group>";
		};
		408A93DD2E994860009B8E1E /* Products */ = {
			isa = PBXGroup;
			children = (
				408A93DC2E994860009B8E1E /* AracHasarKayit.app */,
				408A93E92E994862009B8E1E /* AracHasarKayitTests.xctest */,
				408A93F32E994862009B8E1E /* AracHasarKayitUITests.xctest */,
			);
			name = Products;
			sourceTree = "<group>";
		};
/* End PBXGroup section */

/* Begin PBXNativeTarget section */
		408A93DB2E994860009B8E1E /* AracHasarKayit */ = {
			isa = PBXNativeTarget;
			buildConfigurationList = 408A93FD2E994862009B8E1E /* Build configuration list for PBXNativeTarget "AracHasarKayit" */;
			buildPhases = (
				408A93D82E994860009B8E1E /* Sources */,
				408A93D92E994860009B8E1E /* Frameworks */,
				408A93DA2E994860009B8E1E /* Resources */,
			);
			buildRules = (
			);
			dependencies = (
			);
			fileSystemSynchronizedGroups = (
				408A93DE2E994860009B8E1E /* AracHasarKayit */,
			);
			name = AracHasarKayit;
			packageProductDependencies = (
				405F9C4B2E9C37790070BD58 /* FirebaseAnalytics */,
				405F9C4D2E9C37790070BD58 /* FirebaseAuth */,
				405F9C4F2E9C37790070BD58 /* FirebaseFirestore */,
				405F9C512E9C37790070BD58 /* FirebaseStorage */,
			);
			productName = AracHasarKayit;
			productReference = 408A93DC2E994860009B8E1E /* AracHasarKayit.app */;
			productType = "com.apple.product-type.application";
		};
		408A93E82E994862009B8E1E /* AracHasarKayitTests */ = {
			isa = PBXNativeTarget;
			buildConfigurationList = 408A94002E994862009B8E1E /* Build configuration list for PBXNativeTarget "AracHasarKayitTests" */;
			buildPhases = (
				408A93E52E994862009B8E1E /* Sources */,
				408A93E62E994862009B8E1E /* Frameworks */,
				408A93E72E994862009B8E1E /* Resources */,
			);
			buildRules = (
			);
			dependencies = (
				408A93EB2E994862009B8E1E /* PBXTargetDependency */,
			);
			fileSystemSynchronizedGroups = (
				408A93EC2E994862009B8E1E /* AracHasarKayitTests */,
			);
			name = AracHasarKayitTests;
			packageProductDependencies = (
			);
			productName = AracHasarKayitTests;
			productReference = 408A93E92E994862009B8E1E /* AracHasarKayitTests.xctest */;
			productType = "com.apple.product-type.bundle.unit-test";
		};
		408A93F22E994862009B8E1E /* AracHasarKayitUITests */ = {
			isa = PBXNativeTarget;
			buildConfigurationList = 408A94032E994862009B8E1E /* Build configuration list for PBXNativeTarget "AracHasarKayitUITests" */;
			buildPhases = (
				408A93EF2E994862009B8E1E /* Sources */,
				408A93F02E994862009B8E1E /* Frameworks */,
				408A93F12E994862009B8E1E /* Resources */,
			);
			buildRules = (
			);
			dependencies = (
				408A93F52E994862009B8E1E /* PBXTargetDependency */,
			);
			fileSystemSynchronizedGroups = (
				408A93F62E994862009B8E1E /* AracHasarKayitUITests */,
			);
			name = AracHasarKayitUITests;
			packageProductDependencies = (
			);
			productName = AracHasarKayitUITests;
			productReference = 408A93F32E994862009B8E1E /* AracHasarKayitUITests.xctest */;
			productType = "com.apple.product-type.bundle.ui-testing";
		};
/* End PBXNativeTarget section */

/* Begin PBXProject section */
		408A93D42E994860009B8E1E /* Project object */ = {
			isa = PBXProject;
			attributes = {
				BuildIndependentTargetsInParallel = 1;
				LastSwiftUpdateCheck = 1640;
				LastUpgradeCheck = 1640;
				TargetAttributes = {
					408A93DB2E994860009B8E1E = {
						CreatedOnToolsVersion = 16.4;
					};
					408A93E82E994862009B8E1E = {
						CreatedOnToolsVersion = 16.4;
						TestTargetID = 408A93DB2E994860009B8E1E;
					};
					408A93F22E994862009B8E1E = {
						CreatedOnToolsVersion = 16.4;
						TestTargetID = 408A93DB2E994860009B8E1E;
					};
				};
			};
			buildConfigurationList = 408A93D72E994860009B8E1E /* Build configuration list for PBXProject "AracHasarKayit" */;
			developmentRegion = en;
			hasScannedForEncodings = 0;
			knownRegions = (
				en,
				Base,
			);
			mainGroup = 408A93D32E994860009B8E1E;
			minimizedProjectReferenceProxies = 1;
			packageReferences = (
				405F9C4A2E9C37790070BD58 /* XCRemoteSwiftPackageReference "firebase-ios-sdk" */,
			);
			preferredProjectObjectVersion = 77;
			productRefGroup = 408A93DD2E994860009B8E1E /* Products */;
			projectDirPath = "";
			projectRoot = "";
			targets = (
				408A93DB2E994860009B8E1E /* AracHasarKayit */,
				408A93E82E994862009B8E1E /* AracHasarKayitTests */,
				408A93F22E994862009B8E1E /* AracHasarKayitUITests */,
			);
		};
/* End PBXProject section */

/* Begin PBXResourcesBuildPhase section */
		408A93DA2E994860009B8E1E /* Resources */ = {
			isa = PBXResourcesBuildPhase;
			buildActionMask = 2147483647;
			files = (
			);
			runOnlyForDeploymentPostprocessing = 0;
		};
		408A93E72E994862009B8E1E /* Resources */ = {
			isa = PBXResourcesBuildPhase;
			buildActionMask = 2147483647;
			files = (
			);
			runOnlyForDeploymentPostprocessing = 0;
		};
		408A93F12E994862009B8E1E /* Resources */ = {
			isa = PBXResourcesBuildPhase;
			buildActionMask = 2147483647;
			files = (
			);
			runOnlyForDeploymentPostprocessing = 0;
		};
/* End PBXResourcesBuildPhase section */

/* Begin PBXSourcesBuildPhase section */
		408A93D82E994860009B8E1E /* Sources */ = {
			isa = PBXSourcesBuildPhase;
			buildActionMask = 2147483647;
			files = (
			);
			runOnlyForDeploymentPostprocessing = 0;
		};
		408A93E52E994862009B8E1E /* Sources */ = {
			isa = PBXSourcesBuildPhase;
			buildActionMask = 2147483647;
			files = (
			);
			runOnlyForDeploymentPostprocessing = 0;
		};
		408A93EF2E994862009B8E1E /* Sources */ = {
			isa = PBXSourcesBuildPhase;
			buildActionMask = 2147483647;
			files = (
			);
			runOnlyForDeploymentPostprocessing = 0;
		};
/* End PBXSourcesBuildPhase section */

/* Begin PBXTargetDependency section */
		408A93EB2E994862009B8E1E /* PBXTargetDependency */ = {
			isa = PBXTargetDependency;
			target = 408A93DB2E994860009B8E1E /* AracHasarKayit */;
			targetProxy = 408A93EA2E994862009B8E1E /* PBXContainerItemProxy */;
		};
		408A93F52E994862009B8E1E /* PBXTargetDependency */ = {
			isa = PBXTargetDependency;
			target = 408A93DB2E994860009B8E1E /* AracHasarKayit */;
			targetProxy = 408A93F42E994862009B8E1E /* PBXContainerItemProxy */;
		};
/* End PBXTargetDependency section */

/* Begin XCBuildConfiguration section */
		408A93FB2E994862009B8E1E /* Debug */ = {
			isa = XCBuildConfiguration;
			buildSettings = {
				ALWAYS_SEARCH_USER_PATHS = NO;
				ASSETCATALOG_COMPILER_GENERATE_SWIFT_ASSET_SYMBOL_EXTENSIONS = YES;
				CLANG_ANALYZER_NONNULL = YES;
				CLANG_ANALYZER_NUMBER_OBJECT_CONVERSION = YES_AGGRESSIVE;
				CLANG_CXX_LANGUAGE_STANDARD = "gnu++20";
				CLANG_ENABLE_MODULES = YES;
				CLANG_ENABLE_OBJC_ARC = YES;
				CLANG_ENABLE_OBJC_WEAK = YES;
				CLANG_WARN_BLOCK_CAPTURE_AUTORELEASING = YES;
				CLANG_WARN_BOOL_CONVERSION = YES;
				CLANG_WARN_COMMA = YES;
				CLANG_WARN_CONSTANT_CONVERSION = YES;
				CLANG_WARN_DEPRECATED_OBJC_IMPLEMENTATIONS = YES;
				CLANG_WARN_DIRECT_OBJC_ISA_USAGE = YES_ERROR;
				CLANG_WARN_DOCUMENTATION_COMMENTS = YES;
				CLANG_WARN_EMPTY_BODY = YES;
				CLANG_WARN_ENUM_CONVERSION = YES;
				CLANG_WARN_INFINITE_RECURSION = YES;
				CLANG_WARN_INT_CONVERSION = YES;
				CLANG_WARN_NON_LITERAL_NULL_CONVERSION = YES;
				CLANG_WARN_OBJC_IMPLICIT_RETAIN_SELF = YES;
				CLANG_WARN_OBJC_LITERAL_CONVERSION = YES;
				CLANG_WARN_OBJC_ROOT_CLASS = YES_ERROR;
				CLANG_WARN_QUOTED_INCLUDE_IN_FRAMEWORK_HEADER = YES;
				CLANG_WARN_RANGE_LOOP_ANALYSIS = YES;
				CLANG_WARN_STRICT_PROTOTYPES = YES;
				CLANG_WARN_SUSPICIOUS_MOVE = YES;
				CLANG_WARN_UNGUARDED_AVAILABILITY = YES_AGGRESSIVE;
				CLANG_WARN_UNREACHABLE_CODE = YES;
				CLANG_WARN__DUPLICATE_METHOD_MATCH = YES;
				COPY_PHASE_STRIP = NO;
				DEBUG_INFORMATION_FORMAT = dwarf;
				DEVELOPMENT_TEAM = CJGGJ5T5GY;
				ENABLE_STRICT_OBJC_MSGSEND = YES;
				ENABLE_TESTABILITY = YES;
				ENABLE_USER_SCRIPT_SANDBOXING = YES;
				GCC_C_LANGUAGE_STANDARD = gnu17;
				GCC_DYNAMIC_NO_PIC = NO;
				GCC_NO_COMMON_BLOCKS = YES;
				GCC_OPTIMIZATION_LEVEL = 0;
				GCC_PREPROCESSOR_DEFINITIONS = (
					"DEBUG=1",
					"$(inherited)",
				);
				GCC_WARN_64_TO_32_BIT_CONVERSION = YES;
				GCC_WARN_ABOUT_RETURN_TYPE = YES_ERROR;
				GCC_WARN_UNDECLARED_SELECTOR = YES;
				GCC_WARN_UNINITIALIZED_AUTOS = YES_AGGRESSIVE;
				GCC_WARN_UNUSED_FUNCTION = YES;
				GCC_WARN_UNUSED_VARIABLE = YES;
				IPHONEOS_DEPLOYMENT_TARGET = 18.5;
				LOCALIZATION_PREFERS_STRING_CATALOGS = YES;
				MTL_ENABLE_DEBUG_INFO = INCLUDE_SOURCE;
				MTL_FAST_MATH = YES;
				ONLY_ACTIVE_ARCH = YES;
				SDKROOT = iphoneos;
				SWIFT_ACTIVE_COMPILATION_CONDITIONS = "DEBUG $(inherited)";
				SWIFT_OPTIMIZATION_LEVEL = "-Onone";
			};
			name = Debug;
		};
		408A93FC2E994862009B8E1E /* Release */ = {
			isa = XCBuildConfiguration;
			buildSettings = {
				ALWAYS_SEARCH_USER_PATHS = NO;
				ASSETCATALOG_COMPILER_GENERATE_SWIFT_ASSET_SYMBOL_EXTENSIONS = YES;
				CLANG_ANALYZER_NONNULL = YES;
				CLANG_ANALYZER_NUMBER_OBJECT_CONVERSION = YES_AGGRESSIVE;
				CLANG_CXX_LANGUAGE_STANDARD = "gnu++20";
				CLANG_ENABLE_MODULES = YES;
				CLANG_ENABLE_OBJC_ARC = YES;
				CLANG_ENABLE_OBJC_WEAK = YES;
				CLANG_WARN_BLOCK_CAPTURE_AUTORELEASING = YES;
				CLANG_WARN_BOOL_CONVERSION = YES;
				CLANG_WARN_COMMA = YES;
				CLANG_WARN_CONSTANT_CONVERSION = YES;
				CLANG_WARN_DEPRECATED_OBJC_IMPLEMENTATIONS = YES;
				CLANG_WARN_DIRECT_OBJC_ISA_USAGE = YES_ERROR;
				CLANG_WARN_DOCUMENTATION_COMMENTS = YES;
				CLANG_WARN_EMPTY_BODY = YES;
				CLANG_WARN_ENUM_CONVERSION = YES;
				CLANG_WARN_INFINITE_RECURSION = YES;
				CLANG_WARN_INT_CONVERSION = YES;
				CLANG_WARN_NON_LITERAL_NULL_CONVERSION = YES;
				CLANG_WARN_OBJC_IMPLICIT_RETAIN_SELF = YES;
				CLANG_WARN_OBJC_LITERAL_CONVERSION = YES;
				CLANG_WARN_OBJC_ROOT_CLASS = YES_ERROR;
				CLANG_WARN_QUOTED_INCLUDE_IN_FRAMEWORK_HEADER = YES;
				CLANG_WARN_RANGE_LOOP_ANALYSIS = YES;
				CLANG_WARN_STRICT_PROTOTYPES = YES;
				CLANG_WARN_SUSPICIOUS_MOVE = YES;
				CLANG_WARN_UNGUARDED_AVAILABILITY = YES_AGGRESSIVE;
				CLANG_WARN_UNREACHABLE_CODE = YES;
				CLANG_WARN__DUPLICATE_METHOD_MATCH = YES;
				COPY_PHASE_STRIP = NO;
				DEBUG_INFORMATION_FORMAT = "dwarf-with-dsym";
				DEVELOPMENT_TEAM = CJGGJ5T5GY;
				ENABLE_NS_ASSERTIONS = NO;
				ENABLE_STRICT_OBJC_MSGSEND = YES;
				ENABLE_USER_SCRIPT_SANDBOXING = YES;
				GCC_C_LANGUAGE_STANDARD = gnu17;
				GCC_NO_COMMON_BLOCKS = YES;
				GCC_WARN_64_TO_32_BIT_CONVERSION = YES;
				GCC_WARN_ABOUT_RETURN_TYPE = YES_ERROR;
				GCC_WARN_UNDECLARED_SELECTOR = YES;
				GCC_WARN_UNINITIALIZED_AUTOS = YES_AGGRESSIVE;
				GCC_WARN_UNUSED_FUNCTION = YES;
				GCC_WARN_UNUSED_VARIABLE = YES;
				IPHONEOS_DEPLOYMENT_TARGET = 18.5;
				LOCALIZATION_PREFERS_STRING_CATALOGS = YES;
				MTL_ENABLE_DEBUG_INFO = NO;
				MTL_FAST_MATH = YES;
				SDKROOT = iphoneos;
				SWIFT_COMPILATION_MODE = wholemodule;
				VALIDATE_PRODUCT = YES;
			};
			name = Release;
		};
		408A93FE2E994862009B8E1E /* Debug */ = {
			isa = XCBuildConfiguration;
			buildSettings = {
				ASSETCATALOG_COMPILER_APPICON_NAME = AppIcon;
				ASSETCATALOG_COMPILER_GLOBAL_ACCENT_COLOR_NAME = AccentColor;
				CODE_SIGN_STYLE = Automatic;
				CURRENT_PROJECT_VERSION = 1;
				DEVELOPMENT_TEAM = CJGGJ5T5GY;
				ENABLE_PREVIEWS = YES;
				GENERATE_INFOPLIST_FILE = YES;
				INFOPLIST_FILE = AracHasarKayit/Info.plist;
				INFOPLIST_KEY_CFBundleDisplayName = "Araç Hasar Kayıt";
				INFOPLIST_KEY_NSCameraUsageDescription = "QR kod okutmak için kamera erişimi gereklidir";
				INFOPLIST_KEY_NSPhotoLibraryUsageDescription = "Fotograf erisimi vermek istiyor musunuz?";
				INFOPLIST_KEY_UIApplicationSceneManifest_Generation = YES;
				INFOPLIST_KEY_UIApplicationSupportsIndirectInputEvents = YES;
				INFOPLIST_KEY_UILaunchScreen_Generation = YES;
				INFOPLIST_KEY_UISupportedInterfaceOrientations_iPad = "UIInterfaceOrientationPortrait UIInterfaceOrientationPortraitUpsideDown UIInterfaceOrientationLandscapeLeft UIInterfaceOrientationLandscapeRight";
				INFOPLIST_KEY_UISupportedInterfaceOrientations_iPhone = "UIInterfaceOrientationPortrait UIInterfaceOrientationLandscapeLeft UIInterfaceOrientationLandscapeRight";
				LD_RUNPATH_SEARCH_PATHS = (
					"$(inherited)",
					"@executable_path/Frameworks",
				);
				MARKETING_VERSION = 1.0;
				PRODUCT_BUNDLE_IDENTIFIER = com.greenmotionapp;
				PRODUCT_NAME = "$(TARGET_NAME)";
				SUPPORTED_PLATFORMS = "iphoneos iphonesimulator";
				SUPPORTS_MACCATALYST = NO;
				SUPPORTS_XR_DESIGNED_FOR_IPHONE_IPAD = NO;
				SWIFT_EMIT_LOC_STRINGS = YES;
				SWIFT_VERSION = 5.0;
				TARGETED_DEVICE_FAMILY = "1,2";
			};
			name = Debug;
		};
		408A93FF2E994862009B8E1E /* Release */ = {
			isa = XCBuildConfiguration;
			buildSettings = {
				ASSETCATALOG_COMPILER_APPICON_NAME = AppIcon;
				ASSETCATALOG_COMPILER_GLOBAL_ACCENT_COLOR_NAME = AccentColor;
				CODE_SIGN_STYLE = Automatic;
				CURRENT_PROJECT_VERSION = 1;
				DEVELOPMENT_TEAM = CJGGJ5T5GY;
				ENABLE_PREVIEWS = YES;
				GENERATE_INFOPLIST_FILE = YES;
				INFOPLIST_FILE = AracHasarKayit/Info.plist;
				INFOPLIST_KEY_CFBundleDisplayName = "Araç Hasar Kayıt";
				INFOPLIST_KEY_NSCameraUsageDescription = "QR kod okutmak için kamera erişimi gereklidir";
				INFOPLIST_KEY_NSPhotoLibraryUsageDescription = "Fotograf erisimi vermek istiyor musunuz?";
				INFOPLIST_KEY_UIApplicationSceneManifest_Generation = YES;
				INFOPLIST_KEY_UIApplicationSupportsIndirectInputEvents = YES;
				INFOPLIST_KEY_UILaunchScreen_Generation = YES;
				INFOPLIST_KEY_UISupportedInterfaceOrientations_iPad = "UIInterfaceOrientationPortrait UIInterfaceOrientationPortraitUpsideDown UIInterfaceOrientationLandscapeLeft UIInterfaceOrientationLandscapeRight";
				INFOPLIST_KEY_UISupportedInterfaceOrientations_iPhone = "UIInterfaceOrientationPortrait UIInterfaceOrientationLandscapeLeft UIInterfaceOrientationLandscapeRight";
				LD_RUNPATH_SEARCH_PATHS = (
					"$(inherited)",
					"@executable_path/Frameworks",
				);
				MARKETING_VERSION = 1.0;
				PRODUCT_BUNDLE_IDENTIFIER = com.greenmotionapp;
				PRODUCT_NAME = "$(TARGET_NAME)";
				SUPPORTED_PLATFORMS = "iphoneos iphonesimulator";
				SUPPORTS_MACCATALYST = NO;
				SUPPORTS_XR_DESIGNED_FOR_IPHONE_IPAD = NO;
				SWIFT_EMIT_LOC_STRINGS = YES;
				SWIFT_VERSION = 5.0;
				TARGETED_DEVICE_FAMILY = "1,2";
			};
			name = Release;
		};
		408A94012E994862009B8E1E /* Debug */ = {
			isa = XCBuildConfiguration;
			buildSettings = {
				BUNDLE_LOADER = "$(TEST_HOST)";
				CODE_SIGN_STYLE = Automatic;
				CURRENT_PROJECT_VERSION = 1;
				DEVELOPMENT_TEAM = CJGGJ5T5GY;
				GENERATE_INFOPLIST_FILE = YES;
				IPHONEOS_DEPLOYMENT_TARGET = 18.5;
				MARKETING_VERSION = 1.0;
				PRODUCT_BUNDLE_IDENTIFIER = com.AracHasarKayitTests;
				PRODUCT_NAME = "$(TARGET_NAME)";
				SWIFT_EMIT_LOC_STRINGS = NO;
				SWIFT_VERSION = 5.0;
				TARGETED_DEVICE_FAMILY = "1,2";
				TEST_HOST = "$(BUILT_PRODUCTS_DIR)/AracHasarKayit.app/$(BUNDLE_EXECUTABLE_FOLDER_PATH)/AracHasarKayit";
			};
			name = Debug;
		};
		408A94022E994862009B8E1E /* Release */ = {
			isa = XCBuildConfiguration;
			buildSettings = {
				BUNDLE_LOADER = "$(TEST_HOST)";
				CODE_SIGN_STYLE = Automatic;
				CURRENT_PROJECT_VERSION = 1;
				DEVELOPMENT_TEAM = CJGGJ5T5GY;
				GENERATE_INFOPLIST_FILE = YES;
				IPHONEOS_DEPLOYMENT_TARGET = 18.5;
				MARKETING_VERSION = 1.0;
				PRODUCT_BUNDLE_IDENTIFIER = com.AracHasarKayitTests;
				PRODUCT_NAME = "$(TARGET_NAME)";
				SWIFT_EMIT_LOC_STRINGS = NO;
				SWIFT_VERSION = 5.0;
				TARGETED_DEVICE_FAMILY = "1,2";
				TEST_HOST = "$(BUILT_PRODUCTS_DIR)/AracHasarKayit.app/$(BUNDLE_EXECUTABLE_FOLDER_PATH)/AracHasarKayit";
			};
			name = Release;
		};
		408A94042E994862009B8E1E /* Debug */ = {
			isa = XCBuildConfiguration;
			buildSettings = {
				CODE_SIGN_STYLE = Automatic;
				CURRENT_PROJECT_VERSION = 1;
				DEVELOPMENT_TEAM = CJGGJ5T5GY;
				GENERATE_INFOPLIST_FILE = YES;
				MARKETING_VERSION = 1.0;
				PRODUCT_BUNDLE_IDENTIFIER = com.AracHasarKayitUITests;
				PRODUCT_NAME = "$(TARGET_NAME)";
				SWIFT_EMIT_LOC_STRINGS = NO;
				SWIFT_VERSION = 5.0;
				TARGETED_DEVICE_FAMILY = "1,2";
				TEST_TARGET_NAME = AracHasarKayit;
			};
			name = Debug;
		};
		408A94052E994862009B8E1E /* Release */ = {
			isa = XCBuildConfiguration;
			buildSettings = {
				CODE_SIGN_STYLE = Automatic;
				CURRENT_PROJECT_VERSION = 1;
				DEVELOPMENT_TEAM = CJGGJ5T5GY;
				GENERATE_INFOPLIST_FILE = YES;
				MARKETING_VERSION = 1.0;
				PRODUCT_BUNDLE_IDENTIFIER = com.AracHasarKayitUITests;
				PRODUCT_NAME = "$(TARGET_NAME)";
				SWIFT_EMIT_LOC_STRINGS = NO;
				SWIFT_VERSION = 5.0;
				TARGETED_DEVICE_FAMILY = "1,2";
				TEST_TARGET_NAME = AracHasarKayit;
			};
			name = Release;
		};
/* End XCBuildConfiguration section */

/* Begin XCConfigurationList section */
		408A93D72E994860009B8E1E /* Build configuration list for PBXProject "AracHasarKayit" */ = {
			isa = XCConfigurationList;
			buildConfigurations = (
				408A93FB2E994862009B8E1E /* Debug */,
				408A93FC2E994862009B8E1E /* Release */,
			);
			defaultConfigurationIsVisible = 0;
			defaultConfigurationName = Release;
		};
		408A93FD2E994862009B8E1E /* Build configuration list for PBXNativeTarget "AracHasarKayit" */ = {
			isa = XCConfigurationList;
			buildConfigurations = (
				408A93FE2E994862009B8E1E /* Debug */,
				408A93FF2E994862009B8E1E /* Release */,
			);
			defaultConfigurationIsVisible = 0;
			defaultConfigurationName = Release;
		};
		408A94002E994862009B8E1E /* Build configuration list for PBXNativeTarget "AracHasarKayitTests" */ = {
			isa = XCConfigurationList;
			buildConfigurations = (
				408A94012E994862009B8E1E /* Debug */,
				408A94022E994862009B8E1E /* Release */,
			);
			defaultConfigurationIsVisible = 0;
			defaultConfigurationName = Release;
		};
		408A94032E994862009B8E1E /* Build configuration list for PBXNativeTarget "AracHasarKayitUITests" */ = {
			isa = XCConfigurationList;
			buildConfigurations = (
				408A94042E994862009B8E1E /* Debug */,
				408A94052E994862009B8E1E /* Release */,
			);
			defaultConfigurationIsVisible = 0;
			defaultConfigurationName = Release;
		};
/* End XCConfigurationList section */

/* Begin XCRemoteSwiftPackageReference section */
		405F9C4A2E9C37790070BD58 /* XCRemoteSwiftPackageReference "firebase-ios-sdk" */ = {
			isa = XCRemoteSwiftPackageReference;
			repositoryURL = "https://github.com/firebase/firebase-ios-sdk.git";
			requirement = {
				kind = upToNextMajorVersion;
				minimumVersion = 12.4.0;
			};
		};
/* End XCRemoteSwiftPackageReference section */

/* Begin XCSwiftPackageProductDependency section */
		405F9C4B2E9C37790070BD58 /* FirebaseAnalytics */ = {
			isa = XCSwiftPackageProductDependency;
			package = 405F9C4A2E9C37790070BD58 /* XCRemoteSwiftPackageReference "firebase-ios-sdk" */;
			productName = FirebaseAnalytics;
		};
		405F9C4D2E9C37790070BD58 /* FirebaseAuth */ = {
			isa = XCSwiftPackageProductDependency;
			package = 405F9C4A2E9C37790070BD58 /* XCRemoteSwiftPackageReference "firebase-ios-sdk" */;
			productName = FirebaseAuth;
		};
		405F9C4F2E9C37790070BD58 /* FirebaseFirestore */ = {
			isa = XCSwiftPackageProductDependency;
			package = 405F9C4A2E9C37790070BD58 /* XCRemoteSwiftPackageReference "firebase-ios-sdk" */;
			productName = FirebaseFirestore;
		};
		405F9C512E9C37790070BD58 /* FirebaseStorage */ = {
			isa = XCSwiftPackageProductDependency;
			package = 405F9C4A2E9C37790070BD58 /* XCRemoteSwiftPackageReference "firebase-ios-sdk" */;
			productName = FirebaseStorage;
		};
/* End XCSwiftPackageProductDependency section */
	};
	rootObject = 408A93D42E994860009B8E1E /* Project object */;
}
